
Microsoft Visual Studio Solution File, Format Version 12.00
# Visual Studio Version 16
VisualStudioVersion = 16.0.28803.452
MinimumVisualStudioVersion = 10.0.40219.1
Project("{8BC9CEB8-8B4A-11D0-8D11-00A0C91BC942}") = "EMU_6502", "EMU_6502\EMU_6502.vcxproj", "{5C0DABC9-1C73-4356-8022-577BD88478E5}"
EndProject
Global
	GlobalSection(SolutionConfigurationPlatforms) = preSolution
		Debug|x64 = Debug|x64
		Debug|x86 = Debug|x86
		Release|x64 = Release|x64
		Release|x86 = Release|x86
	EndGlobalSection
	GlobalSection(ProjectConfigurationPlatforms) = postSolution
		{5C0DABC9-1C73-4356-8022-577BD88478E5}.Debug|x64.ActiveCfg = Debug|x64
		{5C0DABC9-1C73-4356-8022-577BD88478E5}.Debug|x64.Build.0 = Debug|x64
		{5C0DABC9-1C73-4356-8022-577BD88478E5}.Debug|x86.ActiveCfg = Debug|Win32
		{5C0DABC9-1C73-4356-8022-577BD88478E5}.Debug|x86.Build.0 = Debug|Win32
		{5C0DABC9-1C73-4356-8022-577BD88478E5}.Release|x64.ActiveCfg = Release|x64
		{5C0DABC9-1C73-4356-8022-577BD88478E5}.Release|x64.Build.0 = Release|x64
		{5C0DABC9-1C73-4356-8022-577BD88478E5}.Release|x86.ActiveCfg = Release|Win32
		{5C0DABC9-1C73-4356-8022-577BD88478E5}.Release|x86.Build.0 = Release|Win32
	EndGlobalSection
	GlobalSection(SolutionProperties) = preSolution
		HideSolutionNode = FALSE
	EndGlobalSection
	GlobalSection(ExtensibilityGlobals) = postSolution
		SolutionGuid = {12F0C922-8EEB-4CAB-8F78-1AD57CEC9200}
	EndGlobalSection
EndGlobal
